PODS:
  - Alamofire (4.0.1)
  - ScrollableGraphView (3.0.0)

DEPENDENCIES:
  - Alamofire
  - ScrollableGraphView

SPEC CHECKSUMS:
  Alamofire: 7682d43245de14874acd142ec137b144aa1dd335
  ScrollableGraphView: 9b0ff86f9193068ffaf7e7ea875dcd297d7e8ded

PODFILE CHECKSUM: 8cb80f390ef5eba5649da8c65e5e9ea46e2c4387

COCOAPODS: 1.1.1
